// !$*UTF8*$!
{
	archiveVersion = 1;
	classes = {
	};
	objectVersion = 48;
	objects = {

/* Begin PBXBuildFile section */
		E72C8F722009D153002CE738 /* EmojiArtDocumentTableViewController.swift in Sources */ = {isa = PBXBuildFile; fileRef = E72C8F712009D153002CE738 /* EmojiArtDocumentTableViewController.swift */; };
		E72C8F74200AD966002CE738 /* EmojiCollectionViewCell.swift in Sources */ = {isa = PBXBuildFile; fileRef = E72C8F73200AD966002CE738 /* EmojiCollectionViewCell.swift */; };
		E798F2D1200BFF1A00C0D937 /* Default-568h@2x.png in Resources */ = {isa = PBXBuildFile; fileRef = E798F2D0200BFF1A00C0D937 /* Default-568h@2x.png */; };
		E798F2D3200C0E0000C0D937 /* EmojiArtView+Gestures.swift in Sources */ = {isa = PBXBuildFile; fileRef = E798F2D2200C0E0000C0D937 /* EmojiArtView+Gestures.swift */; };
		E798F2D5200C147A00C0D937 /* TextFieldCollectionViewCell.swift in Sources */ = {isa = PBXBuildFile; fileRef = E798F2D4200C147A00C0D937 /* TextFieldCollectionViewCell.swift */; };
		E7AB7CCE200DD536009D6263 /* EmojiArt.swift in Sources */ = {isa = PBXBuildFile; fileRef = E7AB7CCD200DD536009D6263 /* EmojiArt.swift */; };
		E7B8231920086D8A00A13240 /* AppDelegate.swift in Sources */ = {isa = PBXBuildFile; fileRef = E7B8231820086D8A00A13240 /* AppDelegate.swift */; };
		E7B8231E20086D8A00A13240 /* Main.storyboard in Resources */ = {isa = PBXBuildFile; fileRef = E7B8231C20086D8A00A13240 /* Main.storyboard */; };
		E7B8232020086D8A00A13240 /* Assets.xcassets in Resources */ = {isa = PBXBuildFile; fileRef = E7B8231F20086D8A00A13240 /* Assets.xcassets */; };
		E7B8232320086D8A00A13240 /* LaunchScreen.storyboard in Resources */ = {isa = PBXBuildFile; fileRef = E7B8232120086D8A00A13240 /* LaunchScreen.storyboard */; };
		E7B8232C20086E2600A13240 /* EmojiArtViewController.swift in Sources */ = {isa = PBXBuildFile; fileRef = E7B8232B20086E2600A13240 /* EmojiArtViewController.swift */; };
		E7B8232E20086E8200A13240 /* EmojiArtView.swift in Sources */ = {isa = PBXBuildFile; fileRef = E7B8232D20086E8200A13240 /* EmojiArtView.swift */; };
		E7B82330200870E800A13240 /* Utilities.swift in Sources */ = {isa = PBXBuildFile; fileRef = E7B8232F200870E800A13240 /* Utilities.swift */; };
/* End PBXBuildFile section */

/* Begin PBXFileReference section */
		E72C8F712009D153002CE738 /* EmojiArtDocumentTableViewController.swift */ = {isa = PBXFileReference; lastKnownFileType = sourcecode.swift; path = EmojiArtDocumentTableViewController.swift; sourceTree = "<group>"; };
		E72C8F73200AD966002CE738 /* EmojiCollectionViewCell.swift */ = {isa = PBXFileReference; lastKnownFileType = sourcecode.swift; path = EmojiCollectionViewCell.swift; sourceTree = "<group>"; };
		E798F2D0200BFF1A00C0D937 /* Default-568h@2x.png */ = {isa = PBXFileReference; lastKnownFileType = image.png; path = "Default-568h@2x.png"; sourceTree = "<group>"; };
		E798F2D2200C0E0000C0D937 /* EmojiArtView+Gestures.swift */ = {isa = PBXFileReference; fileEncoding = 4; lastKnownFileType = sourcecode.swift; path = "EmojiArtView+Gestures.swift"; sourceTree = "<group>"; };
		E798F2D4200C147A00C0D937 /* TextFieldCollectionViewCell.swift */ = {isa = PBXFileReference; lastKnownFileType = sourcecode.swift; path = TextFieldCollectionViewCell.swift; sourceTree = "<group>"; };
		E7AB7CCD200DD536009D6263 /* EmojiArt.swift */ = {isa = PBXFileReference; lastKnownFileType = sourcecode.swift; path = EmojiArt.swift; sourceTree = "<group>"; };
		E7B8231520086D8A00A13240 /* Chapter14.app */ = {isa = PBXFileReference; explicitFileType = wrapper.application; includeInIndex = 0; path = Chapter14.app; sourceTree = BUILT_PRODUCTS_DIR; };
		E7B8231820086D8A00A13240 /* AppDelegate.swift */ = {isa = PBXFileReference; lastKnownFileType = sourcecode.swift; path = AppDelegate.swift; sourceTree = "<group>"; };
		E7B8231D20086D8A00A13240 /* Base */ = {isa = PBXFileReference; lastKnownFileType = file.storyboard; name = Base; path = Base.lproj/Main.storyboard; sourceTree = "<group>"; };
		E7B8231F20086D8A00A13240 /* Assets.xcassets */ = {isa = PBXFileReference; lastKnownFileType = folder.assetcatalog; path = Assets.xcassets; sourceTree = "<group>"; };
		E7B8232220086D8A00A13240 /* Base */ = {isa = PBXFileReference; lastKnownFileType = file.storyboard; name = Base; path = Base.lproj/LaunchScreen.storyboard; sourceTree = "<group>"; };
		E7B8232420086D8B00A13240 /* Info.plist */ = {isa = PBXFileReference; lastKnownFileType = text.plist.xml; path = Info.plist; sourceTree = "<group>"; };
		E7B8232B20086E2600A13240 /* EmojiArtViewController.swift */ = {isa = PBXFileReference; lastKnownFileType = sourcecode.swift; path = EmojiArtViewController.swift; sourceTree = "<group>"; };
		E7B8232D20086E8200A13240 /* EmojiArtView.swift */ = {isa = PBXFileReference; lastKnownFileType = sourcecode.swift; path = EmojiArtView.swift; sourceTree = "<group>"; };
		E7B8232F200870E800A13240 /* Utilities.swift */ = {isa = PBXFileReference; fileEncoding = 4; lastKnownFileType = sourcecode.swift; path = Utilities.swift; sourceTree = "<group>"; };
/* End PBXFileReference section */

/* Begin PBXFrameworksBuildPhase section */
		E7B8231220086D8A00A13240 /* Frameworks */ = {
			isa = PBXFrameworksBuildPhase;
			buildActionMask = 2147483647;
			files = (
			);
			runOnlyForDeploymentPostprocessing = 0;
		};
/* End PBXFrameworksBuildPhase section */

/* Begin PBXGroup section */
		E7B8230C20086D8A00A13240 = {
			isa = PBXGroup;
			children = (
				E798F2D0200BFF1A00C0D937 /* Default-568h@2x.png */,
				E7B8231720086D8A00A13240 /* Chapter14 */,
				E7B8231620086D8A00A13240 /* Products */,
			);
			sourceTree = "<group>";
		};
		E7B8231620086D8A00A13240 /* Products */ = {
			isa = PBXGroup;
			children = (
				E7B8231520086D8A00A13240 /* Chapter14.app */,
			);
			name = Products;
			sourceTree = "<group>";
		};
		E7B8231720086D8A00A13240 /* Chapter14 */ = {
			isa = PBXGroup;
			children = (
				E7B8232A20086DD500A13240 /* Supporting Docs */,
				E7B8231C20086D8A00A13240 /* Main.storyboard */,
				E72C8F73200AD966002CE738 /* EmojiCollectionViewCell.swift */,
				E7B8232D20086E8200A13240 /* EmojiArtView.swift */,
				E798F2D4200C147A00C0D937 /* TextFieldCollectionViewCell.swift */,
				E7B8232420086D8B00A13240 /* Info.plist */,
				E7B8232F200870E800A13240 /* Utilities.swift */,
				E7B8232B20086E2600A13240 /* EmojiArtViewController.swift */,
				E7AB7CCD200DD536009D6263 /* EmojiArt.swift */,
				E72C8F712009D153002CE738 /* EmojiArtDocumentTableViewController.swift */,
			);
			path = Chapter14;
			sourceTree = "<group>";
		};
		E7B8232A20086DD500A13240 /* Supporting Docs */ = {
			isa = PBXGroup;
			children = (
				E798F2D2200C0E0000C0D937 /* EmojiArtView+Gestures.swift */,
				E7B8231820086D8A00A13240 /* AppDelegate.swift */,
				E7B8231F20086D8A00A13240 /* Assets.xcassets */,
				E7B8232120086D8A00A13240 /* LaunchScreen.storyboard */,
			);
			path = "Supporting Docs";
			sourceTree = "<group>";
		};
/* End PBXGroup section */

/* Begin PBXNativeTarget section */
		E7B8231420086D8A00A13240 /* Chapter14 */ = {
			isa = PBXNativeTarget;
			buildConfigurationList = E7B8232720086D8B00A13240 /* Build configuration list for PBXNativeTarget "Chapter14" */;
			buildPhases = (
				E7B8231120086D8A00A13240 /* Sources */,
				E7B8231220086D8A00A13240 /* Frameworks */,
				E7B8231320086D8A00A13240 /* Resources */,
			);
			buildRules = (
			);
			dependencies = (
			);
			name = Chapter14;
			productName = Chapter11;
			productReference = E7B8231520086D8A00A13240 /* Chapter14.app */;
			productType = "com.apple.product-type.application";
		};
/* End PBXNativeTarget section */

/* Begin PBXProject section */
		E7B8230D20086D8A00A13240 /* Project object */ = {
			isa = PBXProject;
			attributes = {
				LastSwiftUpdateCheck = 0920;
				LastUpgradeCheck = 0920;
				ORGANIZATIONNAME = zenbatista;
				TargetAttributes = {
					E7B8231420086D8A00A13240 = {
						CreatedOnToolsVersion = 9.2;
						ProvisioningStyle = Automatic;
					};
				};
			};
			buildConfigurationList = E7B8231020086D8A00A13240 /* Build configuration list for PBXProject "Chapter14" */;
			compatibilityVersion = "Xcode 8.0";
			developmentRegion = en;
			hasScannedForEncodings = 0;
			knownRegions = (
				en,
				Base,
			);
			mainGroup = E7B8230C20086D8A00A13240;
			productRefGroup = E7B8231620086D8A00A13240 /* Products */;
			projectDirPath = "";
			projectRoot = "";
			targets = (
				E7B8231420086D8A00A13240 /* Chapter14 */,
			);
		};
/* End PBXProject section */

/* Begin PBXResourcesBuildPhase section */
		E7B8231320086D8A00A13240 /* Resources */ = {
			isa = PBXResourcesBuildPhase;
			buildActionMask = 2147483647;
			files = (
				E7B8232320086D8A00A13240 /* LaunchScreen.storyboard in Resources */,
				E798F2D1200BFF1A00C0D937 /* Default-568h@2x.png in Resources */,
				E7B8232020086D8A00A13240 /* Assets.xcassets in Resources */,
				E7B8231E20086D8A00A13240 /* Main.storyboard in Resources */,
			);
			runOnlyForDeploymentPostprocessing = 0;
		};
/* End PBXResourcesBuildPhase section */

/* Begin PBXSourcesBuildPhase section */
		E7B8231120086D8A00A13240 /* Sources */ = {
			isa = PBXSourcesBuildPhase;
			buildActionMask = 2147483647;
			files = (
				E7AB7CCE200DD536009D6263 /* EmojiArt.swift in Sources */,
				E7B8231920086D8A00A13240 /* AppDelegate.swift in Sources */,
				E798F2D3200C0E0000C0D937 /* EmojiArtView+Gestures.swift in Sources */,
				E72C8F74200AD966002CE738 /* EmojiCollectionViewCell.swift in Sources */,
				E7B8232C20086E2600A13240 /* EmojiArtViewController.swift in Sources */,
				E798F2D5200C147A00C0D937 /* TextFieldCollectionViewCell.swift in Sources */,
				E7B82330200870E800A13240 /* Utilities.swift in Sources */,
				E72C8F722009D153002CE738 /* EmojiArtDocumentTableViewController.swift in Sources */,
				E7B8232E20086E8200A13240 /* EmojiArtView.swift in Sources */,
			);
			runOnlyForDeploymentPostprocessing = 0;
		};
/* End PBXSourcesBuildPhase section */

/* Begin PBXVariantGroup section */
		E7B8231C20086D8A00A13240 /* Main.storyboard */ = {
			isa = PBXVariantGroup;
			children = (
				E7B8231D20086D8A00A13240 /* Base */,
			);
			name = Main.storyboard;
			sourceTree = "<group>";
		};
		E7B8232120086D8A00A13240 /* LaunchScreen.storyboard */ = {
			isa = PBXVariantGroup;
			children = (
				E7B8232220086D8A00A13240 /* Base */,
			);
			name = LaunchScreen.storyboard;
			sourceTree = "<group>";
		};
/* End PBXVariantGroup section */

/* Begin XCBuildConfiguration section */
		E7B8232520086D8B00A13240 /* Debug */ = {
			isa = XCBuildConfiguration;
			buildSettings = {
				ALWAYS_SEARCH_USER_PATHS = NO;
				CLANG_ANALYZER_NONNULL = YES;
				CLANG_ANALYZER_NUMBER_OBJECT_CONVERSION = YES_AGGRESSIVE;
				CLANG_CXX_LANGUAGE_STANDARD = "gnu++14";
				CLANG_CXX_LIBRARY = "libc++";
				CLANG_ENABLE_MODULES = YES;
				CLANG_ENABLE_OBJC_ARC = YES;
				CLANG_WARN_BLOCK_CAPTURE_AUTORELEASING = YES;
				CLANG_WARN_BOOL_CONVERSION = YES;
				CLANG_WARN_COMMA = YES;
				CLANG_WARN_CONSTANT_CONVERSION = YES;
				CLANG_WARN_DIRECT_OBJC_ISA_USAGE = YES_ERROR;
				CLANG_WARN_DOCUMENTATION_COMMENTS = YES;
				CLANG_WARN_EMPTY_BODY = YES;
				CLANG_WARN_ENUM_CONVERSION = YES;
				CLANG_WARN_INFINITE_RECURSION = YES;
				CLANG_WARN_INT_CONVERSION = YES;
				CLANG_WARN_NON_LITERAL_NULL_CONVERSION = YES;
				CLANG_WARN_OBJC_LITERAL_CONVERSION = YES;
				CLANG_WARN_OBJC_ROOT_CLASS = YES_ERROR;
				CLANG_WARN_RANGE_LOOP_ANALYSIS = YES;
				CLANG_WARN_STRICT_PROTOTYPES = YES;
				CLANG_WARN_SUSPICIOUS_MOVE = YES;
				CLANG_WARN_UNGUARDED_AVAILABILITY = YES_AGGRESSIVE;
				CLANG_WARN_UNREACHABLE_CODE = YES;
				CLANG_WARN__DUPLICATE_METHOD_MATCH = YES;
				CODE_SIGN_IDENTITY = "iPhone Developer";
				COPY_PHASE_STRIP = NO;
				DEBUG_INFORMATION_FORMAT = dwarf;
				ENABLE_STRICT_OBJC_MSGSEND = YES;
				ENABLE_TESTABILITY = YES;
				GCC_C_LANGUAGE_STANDARD = gnu11;
				GCC_DYNAMIC_NO_PIC = NO;
				GCC_NO_COMMON_BLOCKS = YES;
				GCC_OPTIMIZATION_LEVEL = 0;
				GCC_PREPROCESSOR_DEFINITIONS = (
					"DEBUG=1",
					"$(inherited)",
				);
				GCC_WARN_64_TO_32_BIT_CONVERSION = YES;
				GCC_WARN_ABOUT_RETURN_TYPE = YES_ERROR;
				GCC_WARN_UNDECLARED_SELECTOR = YES;
				GCC_WARN_UNINITIALIZED_AUTOS = YES_AGGRESSIVE;
				GCC_WARN_UNUSED_FUNCTION = YES;
				GCC_WARN_UNUSED_VARIABLE = YES;
				IPHONEOS_DEPLOYMENT_TARGET = 11.2;
				MTL_ENABLE_DEBUG_INFO = YES;
				ONLY_ACTIVE_ARCH = YES;
				SDKROOT = iphoneos;
				SWIFT_ACTIVE_COMPILATION_CONDITIONS = DEBUG;
				SWIFT_OPTIMIZATION_LEVEL = "-Onone";
			};
			name = Debug;
		};
		E7B8232620086D8B00A13240 /* Release */ = {
			isa = XCBuildConfiguration;
			buildSettings = {
				ALWAYS_SEARCH_USER_PATHS = NO;
				CLANG_ANALYZER_NONNULL = YES;
				CLANG_ANALYZER_NUMBER_OBJECT_CONVERSION = YES_AGGRESSIVE;
				CLANG_CXX_LANGUAGE_STANDARD = "gnu++14";
				CLANG_CXX_LIBRARY = "libc++";
				CLANG_ENABLE_MODULES = YES;
				CLANG_ENABLE_OBJC_ARC = YES;
				CLANG_WARN_BLOCK_CAPTURE_AUTORELEASING = YES;
				CLANG_WARN_BOOL_CONVERSION = YES;
				CLANG_WARN_COMMA = YES;
				CLANG_WARN_CONSTANT_CONVERSION = YES;
				CLANG_WARN_DIRECT_OBJC_ISA_USAGE = YES_ERROR;
				CLANG_WARN_DOCUMENTATION_COMMENTS = YES;
				CLANG_WARN_EMPTY_BODY = YES;
				CLANG_WARN_ENUM_CONVERSION = YES;
				CLANG_WARN_INFINITE_RECURSION = YES;
				CLANG_WARN_INT_CONVERSION = YES;
				CLANG_WARN_NON_LITERAL_NULL_CONVERSION = YES;
				CLANG_WARN_OBJC_LITERAL_CONVERSION = YES;
				CLANG_WARN_OBJC_ROOT_CLASS = YES_ERROR;
				CLANG_WARN_RANGE_LOOP_ANALYSIS = YES;
				CLANG_WARN_STRICT_PROTOTYPES = YES;
				CLANG_WARN_SUSPICIOUS_MOVE = YES;
				CLANG_WARN_UNGUARDED_AVAILABILITY = YES_AGGRESSIVE;
				CLANG_WARN_UNREACHABLE_CODE = YES;
				CLANG_WARN__DUPLICATE_METHOD_MATCH = YES;
				CODE_SIGN_IDENTITY = "iPhone Developer";
				COPY_PHASE_STRIP = NO;
				DEBUG_INFORMATION_FORMAT = "dwarf-with-dsym";
				ENABLE_NS_ASSERTIONS = NO;
				ENABLE_STRICT_OBJC_MSGSEND = YES;
				GCC_C_LANGUAGE_STANDARD = gnu11;
				GCC_NO_COMMON_BLOCKS = YES;
				GCC_WARN_64_TO_32_BIT_CONVERSION = YES;
				GCC_WARN_ABOUT_RETURN_TYPE = YES_ERROR;
				GCC_WARN_UNDECLARED_SELECTOR = YES;
				GCC_WARN_UNINITIALIZED_AUTOS = YES_AGGRESSIVE;
				GCC_WARN_UNUSED_FUNCTION = YES;
				GCC_WARN_UNUSED_VARIABLE = YES;
				IPHONEOS_DEPLOYMENT_TARGET = 11.2;
				MTL_ENABLE_DEBUG_INFO = NO;
				SDKROOT = iphoneos;
				SWIFT_OPTIMIZATION_LEVEL = "-Owholemodule";
				VALIDATE_PRODUCT = YES;
			};
			name = Release;
		};
		E7B8232820086D8B00A13240 /* Debug */ = {
			isa = XCBuildConfiguration;
			buildSettings = {
				ASSETCATALOG_COMPILER_APPICON_NAME = AppIcon;
				CODE_SIGN_STYLE = Automatic;
				DEVELOPMENT_TEAM = 9JCCFT2CXS;
				INFOPLIST_FILE = "$(SRCROOT)/Chapter14/Info.plist";
				LD_RUNPATH_SEARCH_PATHS = "$(inherited) @executable_path/Frameworks";
				PRODUCT_BUNDLE_IDENTIFIER = com.haraldbatista.Chapter11;
				PRODUCT_NAME = "$(TARGET_NAME)";
				SWIFT_VERSION = 4.0;
				TARGETED_DEVICE_FAMILY = "1,2";
			};
			name = Debug;
		};
		E7B8232920086D8B00A13240 /* Release */ = {
			isa = XCBuildConfiguration;
			buildSettings = {
				ASSETCATALOG_COMPILER_APPICON_NAME = AppIcon;
				CODE_SIGN_STYLE = Automatic;
				DEVELOPMENT_TEAM = 9JCCFT2CXS;
				INFOPLIST_FILE = "$(SRCROOT)/Chapter14/Info.plist";
				LD_RUNPATH_SEARCH_PATHS = "$(inherited) @executable_path/Frameworks";
				PRODUCT_BUNDLE_IDENTIFIER = com.haraldbatista.Chapter11;
				PRODUCT_NAME = "$(TARGET_NAME)";
				SWIFT_VERSION = 4.0;
				TARGETED_DEVICE_FAMILY = "1,2";
			};
			name = Release;
		};
/* End XCBuildConfiguration section */

/* Begin XCConfigurationList section */
		E7B8231020086D8A00A13240 /* Build configuration list for PBXProject "Chapter14" */ = {
			isa = XCConfigurationList;
			buildConfigurations = (
				E7B8232520086D8B00A13240 /* Debug */,
				E7B8232620086D8B00A13240 /* Release */,
			);
			defaultConfigurationIsVisible = 0;
			defaultConfigurationName = Release;
		};
		E7B8232720086D8B00A13240 /* Build configuration list for PBXNativeTarget "Chapter14" */ = {
			isa = XCConfigurationList;
			buildConfigurations = (
				E7B8232820086D8B00A13240 /* Debug */,
				E7B8232920086D8B00A13240 /* Release */,
			);
			defaultConfigurationIsVisible = 0;
			defaultConfigurationName = Release;
		};
/* End XCConfigurationList section */
	};
	rootObject = E7B8230D20086D8A00A13240 /* Project object */;
}
